
Microsoft Visual Studio Solution File, Format Version 12.00
Project("{FAE04EC0-301F-11D3-BF4B-00C04F79EFBC}") = "SeaSharpShell", "SeaSharpShell\SeaSharpShell.csproj", "{18987968-DF9E-45C2-A8F6-21948468891A}"
EndProject
Global
	GlobalSection(SolutionConfigurationPlatforms) = preSolution
		Debug|Any CPU = Debug|Any CPU
		Release|Any CPU = Release|Any CPU
	EndGlobalSection
	GlobalSection(ProjectConfigurationPlatforms) = postSolution
		{18987968-DF9E-45C2-A8F6-21948468891A}.Debug|Any CPU.ActiveCfg = Debug|Any CPU
		{18987968-DF9E-45C2-A8F6-21948468891A}.Debug|Any CPU.Build.0 = Debug|Any CPU
		{18987968-DF9E-45C2-A8F6-21948468891A}.Release|Any CPU.ActiveCfg = Release|Any CPU
		{18987968-DF9E-45C2-A8F6-21948468891A}.Release|Any CPU.Build.0 = Release|Any CPU
	EndGlobalSection
EndGlobal
